{
    "name": "projectnebulus",
    "version": "1.0.0",
    "lockfileVersion": 2,
    "requires": true,
    "packages": {
        "": {
            "name": "projectnebulus",
            "version": "1.0.0",
            "license": "MPL-2.0",
            "devDependencies": {
                "@kevinzma/prettier-config": "^1.1.0"
            }
        },
        "node_modules/@kevinzma/prettier-config": {
            "version": "1.1.0",
            "resolved": "https://registry.npmjs.org/@kevinzma/prettier-config/-/prettier-config-1.1.0.tgz",
            "integrity": "sha512-n2YCgjYFTdjg72tMR/sIjd+FPsf4MNA/yb/nAAiHXRLLU21E285f3EZrnQ6S+SRbFL9nqC/+MiXQBKoeigOATw==",
            "dev": true,
            "dependencies": {
                "@sapphire/prettier-config": "^1.2.3",
                "prettier": "^2.4.1"
            }
        },
        "node_modules/@sapphire/prettier-config": {
            "version": "1.2.8",
            "resolved": "https://registry.npmjs.org/@sapphire/prettier-config/-/prettier-config-1.2.8.tgz",
            "integrity": "sha512-V+yJcp4hG4PTHHkQ7UxXmOnjxEOfi+uAdQDPOF74HMPeo5jAXq5ni0fz2Y4L7oFYTFyyfNAP9Et7SCbjis4jpQ==",
            "dev": true,
            "dependencies": {
                "prettier": "^2.5.1"
            },
            "engines": {
                "node": ">=v14.0.0",
                "npm": ">=7.0.0"
            }
        },
        "node_modules/prettier": {
            "version": "2.5.1",
            "resolved": "https://registry.npmjs.org/prettier/-/prettier-2.5.1.tgz",
            "integrity": "sha512-vBZcPRUR5MZJwoyi3ZoyQlc1rXeEck8KgeC9AwwOn+exuxLxq5toTRDTSaVrXHxelDMHy9zlicw8u66yxoSUFg==",
            "dev": true,
            "bin": {
                "prettier": "bin-prettier.js"
            },
            "engines": {
                "node": ">=10.13.0"
            }
        }
    },
    "dependencies": {
        "@kevinzma/prettier-config": {
            "version": "1.1.0",
            "resolved": "https://registry.npmjs.org/@kevinzma/prettier-config/-/prettier-config-1.1.0.tgz",
            "integrity": "sha512-n2YCgjYFTdjg72tMR/sIjd+FPsf4MNA/yb/nAAiHXRLLU21E285f3EZrnQ6S+SRbFL9nqC/+MiXQBKoeigOATw==",
            "dev": true,
            "requires": {
                "@sapphire/prettier-config": "^1.2.3",
                "prettier": "^2.4.1"
            }
        },
        "@sapphire/prettier-config": {
            "version": "1.2.8",
            "resolved": "https://registry.npmjs.org/@sapphire/prettier-config/-/prettier-config-1.2.8.tgz",
            "integrity": "sha512-V+yJcp4hG4PTHHkQ7UxXmOnjxEOfi+uAdQDPOF74HMPeo5jAXq5ni0fz2Y4L7oFYTFyyfNAP9Et7SCbjis4jpQ==",
            "dev": true,
            "requires": {
                "prettier": "^2.5.1"
            }
        },
        "prettier": {
            "version": "2.5.1",
            "resolved": "https://registry.npmjs.org/prettier/-/prettier-2.5.1.tgz",
            "integrity": "sha512-vBZcPRUR5MZJwoyi3ZoyQlc1rXeEck8KgeC9AwwOn+exuxLxq5toTRDTSaVrXHxelDMHy9zlicw8u66yxoSUFg==",
            "dev": true
        }
    }
}
