{
    "name": "projectnebulus",
    "version": "1.0.0",
    "lockfileVersion": 1,
    "requires": true,
    "dependencies": {
        "@algolia/autocomplete-core": {
            "version": "1.5.2",
            "resolved": "https://registry.npmjs.org/@algolia/autocomplete-core/-/autocomplete-core-1.5.2.tgz",
            "integrity": "sha512-DY0bhyczFSS1b/CqJlTE/nQRtnTAHl6IemIkBy0nEWnhDzRDdtdx4p5Uuk3vwAFxwEEgi1WqKwgSSMx6DpNL4A==",
            "requires": {
                "@algolia/autocomplete-shared": "1.5.2"
            }
        },
        "@algolia/autocomplete-preset-algolia": {
            "version": "1.5.2",
            "resolved": "https://registry.npmjs.org/@algolia/autocomplete-preset-algolia/-/autocomplete-preset-algolia-1.5.2.tgz",
            "integrity": "sha512-3MRYnYQFJyovANzSX2CToS6/5cfVjbLLqFsZTKcvF3abhQzxbqwwaMBlJtt620uBUOeMzhdfasKhCc40+RHiZw==",
            "requires": {
                "@algolia/autocomplete-shared": "1.5.2"
            }
        },
        "@algolia/autocomplete-shared": {
            "version": "1.5.2",
            "resolved": "https://registry.npmjs.org/@algolia/autocomplete-shared/-/autocomplete-shared-1.5.2.tgz",
            "integrity": "sha512-ylQAYv5H0YKMfHgVWX0j0NmL8XBcAeeeVQUmppnnMtzDbDnca6CzhKj3Q8eF9cHCgcdTDdb5K+3aKyGWA0obug=="
        },
        "@algolia/cache-browser-local-storage": {
            "version": "4.12.1",
            "resolved": "https://registry.npmjs.org/@algolia/cache-browser-local-storage/-/cache-browser-local-storage-4.12.1.tgz",
            "integrity": "sha512-ERFFOnC9740xAkuO0iZTQqm2AzU7Dpz/s+g7o48GlZgx5p9GgNcsuK5eS0GoW/tAK+fnKlizCtlFHNuIWuvfsg==",
            "requires": {
                "@algolia/cache-common": "4.12.1"
            }
        },
        "@algolia/cache-common": {
            "version": "4.12.1",
            "resolved": "https://registry.npmjs.org/@algolia/cache-common/-/cache-common-4.12.1.tgz",
            "integrity": "sha512-UugTER3V40jT+e19Dmph5PKMeliYKxycNPwrPNADin0RcWNfT2QksK9Ff2N2W7UKraqMOzoeDb4LAJtxcK1a8Q=="
        },
        "@algolia/cache-in-memory": {
            "version": "4.12.1",
            "resolved": "https://registry.npmjs.org/@algolia/cache-in-memory/-/cache-in-memory-4.12.1.tgz",
            "integrity": "sha512-U6iaunaxK1lHsAf02UWF58foKFEcrVLsHwN56UkCtwn32nlP9rz52WOcHsgk6TJrL8NDcO5swMjtOQ5XHESFLw==",
            "requires": {
                "@algolia/cache-common": "4.12.1"
            }
        },
        "@algolia/client-account": {
            "version": "4.12.1",
            "resolved": "https://registry.npmjs.org/@algolia/client-account/-/client-account-4.12.1.tgz",
            "integrity": "sha512-jGo4ConJNoMdTCR2zouO0jO/JcJmzOK6crFxMMLvdnB1JhmMbuIKluOTJVlBWeivnmcsqb7r0v7qTCPW5PAyxQ==",
            "requires": {
                "@algolia/client-common": "4.12.1",
                "@algolia/client-search": "4.12.1",
                "@algolia/transporter": "4.12.1"
            }
        },
        "@algolia/client-analytics": {
            "version": "4.12.1",
            "resolved": "https://registry.npmjs.org/@algolia/client-analytics/-/client-analytics-4.12.1.tgz",
            "integrity": "sha512-h1It7KXzIthlhuhfBk7LteYq72tym9maQDUsyRW0Gft8b6ZQahnRak9gcCvKwhcJ1vJoP7T7JrNYGiYSicTD9g==",
            "requires": {
                "@algolia/client-common": "4.12.1",
                "@algolia/client-search": "4.12.1",
                "@algolia/requester-common": "4.12.1",
                "@algolia/transporter": "4.12.1"
            }
        },
        "@algolia/client-common": {
            "version": "4.12.1",
            "resolved": "https://registry.npmjs.org/@algolia/client-common/-/client-common-4.12.1.tgz",
            "integrity": "sha512-obnJ8eSbv+h94Grk83DTGQ3bqhViSWureV6oK1s21/KMGWbb3DkduHm+lcwFrMFkjSUSzosLBHV9EQUIBvueTw==",
            "requires": {
                "@algolia/requester-common": "4.12.1",
                "@algolia/transporter": "4.12.1"
            }
        },
        "@algolia/client-personalization": {
            "version": "4.12.1",
            "resolved": "https://registry.npmjs.org/@algolia/client-personalization/-/client-personalization-4.12.1.tgz",
            "integrity": "sha512-sMSnjjPjRgByGHYygV+5L/E8a6RgU7l2GbpJukSzJ9GRY37tHmBHuvahv8JjdCGJ2p7QDYLnQy5bN5Z02qjc7Q==",
            "requires": {
                "@algolia/client-common": "4.12.1",
                "@algolia/requester-common": "4.12.1",
                "@algolia/transporter": "4.12.1"
            }
        },
        "@algolia/client-search": {
            "version": "4.12.1",
            "resolved": "https://registry.npmjs.org/@algolia/client-search/-/client-search-4.12.1.tgz",
            "integrity": "sha512-MwwKKprfY6X2nJ5Ki/ccXM2GDEePvVjZnnoOB2io3dLKW4fTqeSRlC5DRXeFD7UM0vOPPHr4ItV2aj19APKNVQ==",
            "requires": {
                "@algolia/client-common": "4.12.1",
                "@algolia/requester-common": "4.12.1",
                "@algolia/transporter": "4.12.1"
            }
        },
        "@algolia/logger-common": {
            "version": "4.12.1",
            "resolved": "https://registry.npmjs.org/@algolia/logger-common/-/logger-common-4.12.1.tgz",
            "integrity": "sha512-fCgrzlXGATNqdFTxwx0GsyPXK+Uqrx1SZ3iuY2VGPPqdt1a20clAG2n2OcLHJpvaa6vMFPlJyWvbqAgzxdxBlQ=="
        },
        "@algolia/logger-console": {
            "version": "4.12.1",
            "resolved": "https://registry.npmjs.org/@algolia/logger-console/-/logger-console-4.12.1.tgz",
            "integrity": "sha512-0owaEnq/davngQMYqxLA4KrhWHiXujQ1CU3FFnyUcMyBR7rGHI48zSOUpqnsAXrMBdSH6rH5BDkSUUFwsh8RkQ==",
            "requires": {
                "@algolia/logger-common": "4.12.1"
            }
        },
        "@algolia/requester-browser-xhr": {
            "version": "4.12.1",
            "resolved": "https://registry.npmjs.org/@algolia/requester-browser-xhr/-/requester-browser-xhr-4.12.1.tgz",
            "integrity": "sha512-OaMxDyG0TZG0oqz1lQh9e3woantAG1bLnuwq3fmypsrQxra4IQZiyn1x+kEb69D2TcXApI5gOgrD4oWhtEVMtw==",
            "requires": {
                "@algolia/requester-common": "4.12.1"
            }
        },
        "@algolia/requester-common": {
            "version": "4.12.1",
            "resolved": "https://registry.npmjs.org/@algolia/requester-common/-/requester-common-4.12.1.tgz",
            "integrity": "sha512-XWIrWQNJ1vIrSuL/bUk3ZwNMNxl+aWz6dNboRW6+lGTcMIwc3NBFE90ogbZKhNrFRff8zI4qCF15tjW+Fyhpow=="
        },
        "@algolia/requester-node-http": {
            "version": "4.12.1",
            "resolved": "https://registry.npmjs.org/@algolia/requester-node-http/-/requester-node-http-4.12.1.tgz",
            "integrity": "sha512-awBtwaD+s0hxkA1aehYn8F0t9wqGoBVWgY4JPHBmp1ChO3pK7RKnnvnv7QQa9vTlllX29oPt/BBVgMo1Z3n1Qg==",
            "requires": {
                "@algolia/requester-common": "4.12.1"
            }
        },
        "@algolia/transporter": {
            "version": "4.12.1",
            "resolved": "https://registry.npmjs.org/@algolia/transporter/-/transporter-4.12.1.tgz",
            "integrity": "sha512-BGeNgdEHc6dXIk2g8kdlOoQ6fQ6OIaKQcplEj7HPoi+XZUeAvRi3Pff3QWd7YmybWkjzd9AnTzieTASDWhL+sQ==",
            "requires": {
                "@algolia/cache-common": "4.12.1",
                "@algolia/logger-common": "4.12.1",
                "@algolia/requester-common": "4.12.1"
            }
        },
        "@docsearch/css": {
            "version": "3.0.0-alpha.50",
            "resolved": "https://registry.npmjs.org/@docsearch/css/-/css-3.0.0-alpha.50.tgz",
            "integrity": "sha512-QeWFCQOtS9D+Fi20liKsPXF2j/xWKh52e+P2Z1UATIdPMqmH6zoB2lcUz+cgv6PPVgWUtECeR6VSSUm71LT94w=="
        },
        "@docsearch/js": {
            "version": "3.0.0-alpha.50",
            "resolved": "https://registry.npmjs.org/@docsearch/js/-/js-3.0.0-alpha.50.tgz",
            "integrity": "sha512-1ap9Wz5oR/Z8yybaCZhsptXU43es3H52eEQUZtmzb8dUWyCW+3iXaKVB/qeMJOQWtggZ/WvZV3YknVIbCMR2dQ==",
            "requires": {
                "@docsearch/react": "3.0.0-alpha.50",
                "preact": "^10.0.0"
            }
        },
        "@docsearch/react": {
            "version": "3.0.0-alpha.50",
            "resolved": "https://registry.npmjs.org/@docsearch/react/-/react-3.0.0-alpha.50.tgz",
            "integrity": "sha512-oDGV1zZCRYv7MWsh6CyQVthYTRc3b4q+6kKwNYb1/g/Wf/4nJHutpxolFLHdEUDhrJ4Xi8wxwQG+lEwAVBTHPg==",
            "requires": {
                "@algolia/autocomplete-core": "1.5.2",
                "@algolia/autocomplete-preset-algolia": "1.5.2",
                "@docsearch/css": "3.0.0-alpha.50",
                "algoliasearch": "^4.0.0"
            }
        },
        "@kevinzma/prettier-config": {
            "version": "1.1.0",
            "resolved": "https://registry.npmjs.org/@kevinzma/prettier-config/-/prettier-config-1.1.0.tgz",
            "integrity": "sha512-n2YCgjYFTdjg72tMR/sIjd+FPsf4MNA/yb/nAAiHXRLLU21E285f3EZrnQ6S+SRbFL9nqC/+MiXQBKoeigOATw==",
            "dev": true,
            "requires": {
                "@sapphire/prettier-config": "^1.2.3",
                "prettier": "^2.4.1"
            }
        },
        "@popperjs/core": {
            "version": "2.11.2",
            "resolved": "https://registry.npmjs.org/@popperjs/core/-/core-2.11.2.tgz",
            "integrity": "sha512-92FRmppjjqz29VMJ2dn+xdyXZBrMlE42AV6Kq6BwjWV7CNUW1hs2FtxSNLQE+gJhaZ6AAmYuO9y8dshhcBl7vA=="
        },
        "@sapphire/prettier-config": {
            "version": "1.2.8",
            "resolved": "https://registry.npmjs.org/@sapphire/prettier-config/-/prettier-config-1.2.8.tgz",
            "integrity": "sha512-V+yJcp4hG4PTHHkQ7UxXmOnjxEOfi+uAdQDPOF74HMPeo5jAXq5ni0fz2Y4L7oFYTFyyfNAP9Et7SCbjis4jpQ==",
            "dev": true,
            "requires": {
                "prettier": "^2.5.1"
            }
        },
        "algoliasearch": {
            "version": "4.12.1",
            "resolved": "https://registry.npmjs.org/algoliasearch/-/algoliasearch-4.12.1.tgz",
            "integrity": "sha512-c0dM1g3zZBJrkzE5GA/Nu1y3fFxx3LCzxKzcmp2dgGS8P4CjszB/l3lsSh2MSrrK1Hn/KV4BlbBMXtYgG1Bfrw==",
            "requires": {
                "@algolia/cache-browser-local-storage": "4.12.1",
                "@algolia/cache-common": "4.12.1",
                "@algolia/cache-in-memory": "4.12.1",
                "@algolia/client-account": "4.12.1",
                "@algolia/client-analytics": "4.12.1",
                "@algolia/client-common": "4.12.1",
                "@algolia/client-personalization": "4.12.1",
                "@algolia/client-search": "4.12.1",
                "@algolia/logger-common": "4.12.1",
                "@algolia/logger-console": "4.12.1",
                "@algolia/requester-browser-xhr": "4.12.1",
                "@algolia/requester-common": "4.12.1",
                "@algolia/requester-node-http": "4.12.1",
                "@algolia/transporter": "4.12.1"
            }
        },
        "flowbite": {
            "version": "1.3.4",
            "resolved": "https://registry.npmjs.org/flowbite/-/flowbite-1.3.4.tgz",
            "integrity": "sha512-i/gA7BcyMk2cFwJb78wvxrTj+XDnchjIBywksip3AFMD/KKpwtQ9hgrCJpR515jVuil0tKhLIebBotvorgayBQ==",
            "requires": {
                "@docsearch/js": "^3.0.0-alpha.42",
                "@popperjs/core": "^2.9.3",
                "mini-svg-data-uri": "^1.4.3"
            }
        },
        "mini-svg-data-uri": {
            "version": "1.4.3",
            "resolved": "https://registry.npmjs.org/mini-svg-data-uri/-/mini-svg-data-uri-1.4.3.tgz",
            "integrity": "sha512-gSfqpMRC8IxghvMcxzzmMnWpXAChSA+vy4cia33RgerMS8Fex95akUyQZPbxJJmeBGiGmK7n/1OpUX8ksRjIdA=="
        },
        "preact": {
            "version": "10.6.6",
            "resolved": "https://registry.npmjs.org/preact/-/preact-10.6.6.tgz",
            "integrity": "sha512-dgxpTFV2vs4vizwKohYKkk7g7rmp1wOOcfd4Tz3IB3Wi+ivZzsn/SpeKJhRENSE+n8sUfsAl4S3HiCVT923ABw=="
        },
        "prettier": {
            "version": "2.5.1",
            "resolved": "https://registry.npmjs.org/prettier/-/prettier-2.5.1.tgz",
            "integrity": "sha512-vBZcPRUR5MZJwoyi3ZoyQlc1rXeEck8KgeC9AwwOn+exuxLxq5toTRDTSaVrXHxelDMHy9zlicw8u66yxoSUFg==",
            "dev": true
        }
    }
}
